// !$*UTF8*$!
{
	archiveVersion = 1;
	classes = {
	};
	objectVersion = 55;
	objects = {

/* Begin PBXBuildFile section */
		4C19EC472A0BEA8C0003F29A /* Moya in Frameworks */ = {isa = PBXBuildFile; productRef = 4C19EC462A0BEA8C0003F29A /* Moya */; };
		4C19EC4A2A0BEAE60003F29A /* RxCocoa in Frameworks */ = {isa = PBXBuildFile; productRef = 4C19EC492A0BEAE60003F29A /* RxCocoa */; };
		4C19EC4C2A0BEAE60003F29A /* RxRelay in Frameworks */ = {isa = PBXBuildFile; productRef = 4C19EC4B2A0BEAE60003F29A /* RxRelay */; };
		4C19EC4E2A0BEAE60003F29A /* RxSwift in Frameworks */ = {isa = PBXBuildFile; productRef = 4C19EC4D2A0BEAE60003F29A /* RxSwift */; };
		4C19EC512A0BEB060003F29A /* SDWebImage in Frameworks */ = {isa = PBXBuildFile; productRef = 4C19EC502A0BEB060003F29A /* SDWebImage */; };
		4C19EC542A0BEDBA0003F29A /* Alamofire in Frameworks */ = {isa = PBXBuildFile; productRef = 4C19EC532A0BEDBA0003F29A /* Alamofire */; };
		4C41E16A2A0A4DD500A9F930 /* AppDelegate.swift in Sources */ = {isa = PBXBuildFile; fileRef = 4C41E1692A0A4DD500A9F930 /* AppDelegate.swift */; };
		4C41E16C2A0A4DD500A9F930 /* SceneDelegate.swift in Sources */ = {isa = PBXBuildFile; fileRef = 4C41E16B2A0A4DD500A9F930 /* SceneDelegate.swift */; };
		4C41E16E2A0A4DD500A9F930 /* ViewController.swift in Sources */ = {isa = PBXBuildFile; fileRef = 4C41E16D2A0A4DD500A9F930 /* ViewController.swift */; };
		4C41E1732A0A4DD700A9F930 /* Assets.xcassets in Resources */ = {isa = PBXBuildFile; fileRef = 4C41E1722A0A4DD700A9F930 /* Assets.xcassets */; };
		4C41E1762A0A4DD700A9F930 /* LaunchScreen.storyboard in Resources */ = {isa = PBXBuildFile; fileRef = 4C41E1742A0A4DD700A9F930 /* LaunchScreen.storyboard */; };
		4C41E1822A0A61D100A9F930 /* HomeViewController.swift in Sources */ = {isa = PBXBuildFile; fileRef = 4C41E1802A0A61D100A9F930 /* HomeViewController.swift */; };
		4C41E1832A0A61D100A9F930 /* HomeViewController.xib in Resources */ = {isa = PBXBuildFile; fileRef = 4C41E1812A0A61D100A9F930 /* HomeViewController.xib */; };
		4C41E1862A0A61F000A9F930 /* NavigationViewController.swift in Sources */ = {isa = PBXBuildFile; fileRef = 4C41E1842A0A61F000A9F930 /* NavigationViewController.swift */; };
		4C41E1872A0A61F000A9F930 /* NavigationViewController.xib in Resources */ = {isa = PBXBuildFile; fileRef = 4C41E1852A0A61F000A9F930 /* NavigationViewController.xib */; };
		4CEBC2742A0B864300CAFEFE /* NetworkManager.swift in Sources */ = {isa = PBXBuildFile; fileRef = 4CEBC2732A0B864300CAFEFE /* NetworkManager.swift */; };
		4CEBC2772A0B88B400CAFEFE /* NewsModel.swift in Sources */ = {isa = PBXBuildFile; fileRef = 4CEBC2762A0B88B400CAFEFE /* NewsModel.swift */; };
		4CEBC2792A0B88DD00CAFEFE /* HomeViewModel.swift in Sources */ = {isa = PBXBuildFile; fileRef = 4CEBC2782A0B88DD00CAFEFE /* HomeViewModel.swift */; };
		4CEBC27B2A0B891000CAFEFE /* DetailsViewModel.swift in Sources */ = {isa = PBXBuildFile; fileRef = 4CEBC27A2A0B891000CAFEFE /* DetailsViewModel.swift */; };
		4CEBC27D2A0B894200CAFEFE /* DetailsModel.swift in Sources */ = {isa = PBXBuildFile; fileRef = 4CEBC27C2A0B894200CAFEFE /* DetailsModel.swift */; };
		4CFF421E2A0AD0E900518548 /* HomeTableViewCell.swift in Sources */ = {isa = PBXBuildFile; fileRef = 4CFF421C2A0AD0E900518548 /* HomeTableViewCell.swift */; };
		4CFF421F2A0AD0E900518548 /* HomeTableViewCell.xib in Resources */ = {isa = PBXBuildFile; fileRef = 4CFF421D2A0AD0E900518548 /* HomeTableViewCell.xib */; };
		4CFF42222A0AE15000518548 /* UIView+Extension.swift in Sources */ = {isa = PBXBuildFile; fileRef = 4CFF42212A0AE15000518548 /* UIView+Extension.swift */; };
		4CFF42262A0AE56600518548 /* DetailsViewController.swift in Sources */ = {isa = PBXBuildFile; fileRef = 4CFF42242A0AE56600518548 /* DetailsViewController.swift */; };
		4CFF42272A0AE56600518548 /* DetailsViewController.xib in Resources */ = {isa = PBXBuildFile; fileRef = 4CFF42252A0AE56600518548 /* DetailsViewController.xib */; };
/* End PBXBuildFile section */

/* Begin PBXFileReference section */
		4C41E1662A0A4DD500A9F930 /* NewsApp.app */ = {isa = PBXFileReference; explicitFileType = wrapper.application; includeInIndex = 0; path = NewsApp.app; sourceTree = BUILT_PRODUCTS_DIR; };
		4C41E1692A0A4DD500A9F930 /* AppDelegate.swift */ = {isa = PBXFileReference; lastKnownFileType = sourcecode.swift; path = AppDelegate.swift; sourceTree = "<group>"; };
		4C41E16B2A0A4DD500A9F930 /* SceneDelegate.swift */ = {isa = PBXFileReference; lastKnownFileType = sourcecode.swift; path = SceneDelegate.swift; sourceTree = "<group>"; };
		4C41E16D2A0A4DD500A9F930 /* ViewController.swift */ = {isa = PBXFileReference; lastKnownFileType = sourcecode.swift; path = ViewController.swift; sourceTree = "<group>"; };
		4C41E1722A0A4DD700A9F930 /* Assets.xcassets */ = {isa = PBXFileReference; lastKnownFileType = folder.assetcatalog; path = Assets.xcassets; sourceTree = "<group>"; };
		4C41E1752A0A4DD700A9F930 /* Base */ = {isa = PBXFileReference; lastKnownFileType = file.storyboard; name = Base; path = Base.lproj/LaunchScreen.storyboard; sourceTree = "<group>"; };
		4C41E1772A0A4DD700A9F930 /* Info.plist */ = {isa = PBXFileReference; lastKnownFileType = text.plist.xml; path = Info.plist; sourceTree = "<group>"; };
		4C41E1802A0A61D100A9F930 /* HomeViewController.swift */ = {isa = PBXFileReference; lastKnownFileType = sourcecode.swift; path = HomeViewController.swift; sourceTree = "<group>"; };
		4C41E1812A0A61D100A9F930 /* HomeViewController.xib */ = {isa = PBXFileReference; lastKnownFileType = file.xib; path = HomeViewController.xib; sourceTree = "<group>"; };
		4C41E1842A0A61F000A9F930 /* NavigationViewController.swift */ = {isa = PBXFileReference; lastKnownFileType = sourcecode.swift; path = NavigationViewController.swift; sourceTree = "<group>"; };
		4C41E1852A0A61F000A9F930 /* NavigationViewController.xib */ = {isa = PBXFileReference; lastKnownFileType = file.xib; path = NavigationViewController.xib; sourceTree = "<group>"; };
		4CEBC2732A0B864300CAFEFE /* NetworkManager.swift */ = {isa = PBXFileReference; lastKnownFileType = sourcecode.swift; path = NetworkManager.swift; sourceTree = "<group>"; };
		4CEBC2762A0B88B400CAFEFE /* NewsModel.swift */ = {isa = PBXFileReference; lastKnownFileType = sourcecode.swift; path = NewsModel.swift; sourceTree = "<group>"; };
		4CEBC2782A0B88DD00CAFEFE /* HomeViewModel.swift */ = {isa = PBXFileReference; lastKnownFileType = sourcecode.swift; path = HomeViewModel.swift; sourceTree = "<group>"; };
		4CEBC27A2A0B891000CAFEFE /* DetailsViewModel.swift */ = {isa = PBXFileReference; lastKnownFileType = sourcecode.swift; path = DetailsViewModel.swift; sourceTree = "<group>"; };
		4CEBC27C2A0B894200CAFEFE /* DetailsModel.swift */ = {isa = PBXFileReference; lastKnownFileType = sourcecode.swift; path = DetailsModel.swift; sourceTree = "<group>"; };
		4CFF421C2A0AD0E900518548 /* HomeTableViewCell.swift */ = {isa = PBXFileReference; lastKnownFileType = sourcecode.swift; path = HomeTableViewCell.swift; sourceTree = "<group>"; };
		4CFF421D2A0AD0E900518548 /* HomeTableViewCell.xib */ = {isa = PBXFileReference; lastKnownFileType = file.xib; path = HomeTableViewCell.xib; sourceTree = "<group>"; };
		4CFF42212A0AE15000518548 /* UIView+Extension.swift */ = {isa = PBXFileReference; lastKnownFileType = sourcecode.swift; path = "UIView+Extension.swift"; sourceTree = "<group>"; };
		4CFF42242A0AE56600518548 /* DetailsViewController.swift */ = {isa = PBXFileReference; lastKnownFileType = sourcecode.swift; path = DetailsViewController.swift; sourceTree = "<group>"; };
		4CFF42252A0AE56600518548 /* DetailsViewController.xib */ = {isa = PBXFileReference; lastKnownFileType = file.xib; path = DetailsViewController.xib; sourceTree = "<group>"; };
/* End PBXFileReference section */

/* Begin PBXFrameworksBuildPhase section */
		4C41E1632A0A4DD500A9F930 /* Frameworks */ = {
			isa = PBXFrameworksBuildPhase;
			buildActionMask = 2147483647;
			files = (
				4C19EC4A2A0BEAE60003F29A /* RxCocoa in Frameworks */,
				4C19EC472A0BEA8C0003F29A /* Moya in Frameworks */,
				4C19EC4E2A0BEAE60003F29A /* RxSwift in Frameworks */,
				4C19EC542A0BEDBA0003F29A /* Alamofire in Frameworks */,
				4C19EC4C2A0BEAE60003F29A /* RxRelay in Frameworks */,
				4C19EC512A0BEB060003F29A /* SDWebImage in Frameworks */,
			);
			runOnlyForDeploymentPostprocessing = 0;
		};
/* End PBXFrameworksBuildPhase section */

/* Begin PBXGroup section */
		4C41E15D2A0A4DD400A9F930 = {
			isa = PBXGroup;
			children = (
				4C41E1682A0A4DD500A9F930 /* NewsApp */,
				4C41E1672A0A4DD500A9F930 /* Products */,
			);
			sourceTree = "<group>";
		};
		4C41E1672A0A4DD500A9F930 /* Products */ = {
			isa = PBXGroup;
			children = (
				4C41E1662A0A4DD500A9F930 /* NewsApp.app */,
			);
			name = Products;
			sourceTree = "<group>";
		};
		4C41E1682A0A4DD500A9F930 /* NewsApp */ = {
			isa = PBXGroup;
			children = (
				4CEBC25D2A0B84A900CAFEFE /* Network */,
				4CFF42202A0AE12500518548 /* Helpers */,
				4C41E17D2A0A619D00A9F930 /* Modules */,
				4C41E1692A0A4DD500A9F930 /* AppDelegate.swift */,
				4C41E16B2A0A4DD500A9F930 /* SceneDelegate.swift */,
				4C41E16D2A0A4DD500A9F930 /* ViewController.swift */,
				4C41E1722A0A4DD700A9F930 /* Assets.xcassets */,
				4C41E1742A0A4DD700A9F930 /* LaunchScreen.storyboard */,
				4C41E1772A0A4DD700A9F930 /* Info.plist */,
			);
			path = NewsApp;
			sourceTree = "<group>";
		};
		4C41E17D2A0A619D00A9F930 /* Modules */ = {
			isa = PBXGroup;
			children = (
				4CFF42232A0AE52300518548 /* Details */,
				4C41E17F2A0A61BD00A9F930 /* Home */,
				4C41E17E2A0A61AA00A9F930 /* NavigationController */,
			);
			path = Modules;
			sourceTree = "<group>";
		};
		4C41E17E2A0A61AA00A9F930 /* NavigationController */ = {
			isa = PBXGroup;
			children = (
				4C41E1842A0A61F000A9F930 /* NavigationViewController.swift */,
				4C41E1852A0A61F000A9F930 /* NavigationViewController.xib */,
			);
			path = NavigationController;
			sourceTree = "<group>";
		};
		4C41E17F2A0A61BD00A9F930 /* Home */ = {
			isa = PBXGroup;
			children = (
				4CEBC2602A0B84E000CAFEFE /* ViewModel */,
				4CEBC25F2A0B84D600CAFEFE /* Model */,
				4CEBC25E2A0B84CE00CAFEFE /* View */,
			);
			path = Home;
			sourceTree = "<group>";
		};
		4CEBC25D2A0B84A900CAFEFE /* Network */ = {
			isa = PBXGroup;
			children = (
				4CEBC2732A0B864300CAFEFE /* NetworkManager.swift */,
			);
			path = Network;
			sourceTree = "<group>";
		};
		4CEBC25E2A0B84CE00CAFEFE /* View */ = {
			isa = PBXGroup;
			children = (
				4CFF421B2A0AD0C200518548 /* Cell */,
				4C41E1802A0A61D100A9F930 /* HomeViewController.swift */,
				4C41E1812A0A61D100A9F930 /* HomeViewController.xib */,
			);
			path = View;
			sourceTree = "<group>";
		};
		4CEBC25F2A0B84D600CAFEFE /* Model */ = {
			isa = PBXGroup;
			children = (
				4CEBC2762A0B88B400CAFEFE /* NewsModel.swift */,
			);
			path = Model;
			sourceTree = "<group>";
		};
		4CEBC2602A0B84E000CAFEFE /* ViewModel */ = {
			isa = PBXGroup;
			children = (
				4CEBC2782A0B88DD00CAFEFE /* HomeViewModel.swift */,
			);
			path = ViewModel;
			sourceTree = "<group>";
		};
		4CEBC2612A0B84FB00CAFEFE /* View */ = {
			isa = PBXGroup;
			children = (
				4CFF42242A0AE56600518548 /* DetailsViewController.swift */,
				4CFF42252A0AE56600518548 /* DetailsViewController.xib */,
			);
			path = View;
			sourceTree = "<group>";
		};
		4CEBC2622A0B851900CAFEFE /* Model */ = {
			isa = PBXGroup;
			children = (
				4CEBC27C2A0B894200CAFEFE /* DetailsModel.swift */,
			);
			path = Model;
			sourceTree = "<group>";
		};
		4CEBC2632A0B852000CAFEFE /* ViewModel */ = {
			isa = PBXGroup;
			children = (
				4CEBC27A2A0B891000CAFEFE /* DetailsViewModel.swift */,
			);
			path = ViewModel;
			sourceTree = "<group>";
		};
		4CFF421B2A0AD0C200518548 /* Cell */ = {
			isa = PBXGroup;
			children = (
				4CFF421C2A0AD0E900518548 /* HomeTableViewCell.swift */,
				4CFF421D2A0AD0E900518548 /* HomeTableViewCell.xib */,
			);
			path = Cell;
			sourceTree = "<group>";
		};
		4CFF42202A0AE12500518548 /* Helpers */ = {
			isa = PBXGroup;
			children = (
				4CFF42212A0AE15000518548 /* UIView+Extension.swift */,
			);
			path = Helpers;
			sourceTree = "<group>";
		};
		4CFF42232A0AE52300518548 /* Details */ = {
			isa = PBXGroup;
			children = (
				4CEBC2632A0B852000CAFEFE /* ViewModel */,
				4CEBC2622A0B851900CAFEFE /* Model */,
				4CEBC2612A0B84FB00CAFEFE /* View */,
			);
			path = Details;
			sourceTree = "<group>";
		};
/* End PBXGroup section */

/* Begin PBXNativeTarget section */
		4C41E1652A0A4DD500A9F930 /* NewsApp */ = {
			isa = PBXNativeTarget;
			buildConfigurationList = 4C41E17A2A0A4DD700A9F930 /* Build configuration list for PBXNativeTarget "NewsApp" */;
			buildPhases = (
				4C41E1622A0A4DD500A9F930 /* Sources */,
				4C41E1632A0A4DD500A9F930 /* Frameworks */,
				4C41E1642A0A4DD500A9F930 /* Resources */,
			);
			buildRules = (
			);
			dependencies = (
			);
			name = NewsApp;
			packageProductDependencies = (
				4C19EC462A0BEA8C0003F29A /* Moya */,
				4C19EC492A0BEAE60003F29A /* RxCocoa */,
				4C19EC4B2A0BEAE60003F29A /* RxRelay */,
				4C19EC4D2A0BEAE60003F29A /* RxSwift */,
				4C19EC502A0BEB060003F29A /* SDWebImage */,
				4C19EC532A0BEDBA0003F29A /* Alamofire */,
			);
			productName = NewsApp;
			productReference = 4C41E1662A0A4DD500A9F930 /* NewsApp.app */;
			productType = "com.apple.product-type.application";
		};
/* End PBXNativeTarget section */

/* Begin PBXProject section */
		4C41E15E2A0A4DD400A9F930 /* Project object */ = {
			isa = PBXProject;
			attributes = {
				BuildIndependentTargetsInParallel = 1;
				LastSwiftUpdateCheck = 1310;
				LastUpgradeCheck = 1310;
				TargetAttributes = {
					4C41E1652A0A4DD500A9F930 = {
						CreatedOnToolsVersion = 13.1;
					};
				};
			};
			buildConfigurationList = 4C41E1612A0A4DD400A9F930 /* Build configuration list for PBXProject "NewsApp" */;
			compatibilityVersion = "Xcode 13.0";
			developmentRegion = en;
			hasScannedForEncodings = 0;
			knownRegions = (
				en,
				Base,
			);
			mainGroup = 4C41E15D2A0A4DD400A9F930;
			packageReferences = (
				4C19EC452A0BEA8C0003F29A /* XCRemoteSwiftPackageReference "Moya" */,
				4C19EC482A0BEAE60003F29A /* XCRemoteSwiftPackageReference "RxSwift" */,
				4C19EC4F2A0BEB060003F29A /* XCRemoteSwiftPackageReference "SDWebImage" */,
				4C19EC522A0BEDBA0003F29A /* XCRemoteSwiftPackageReference "Alamofire" */,
			);
			productRefGroup = 4C41E1672A0A4DD500A9F930 /* Products */;
			projectDirPath = "";
			projectRoot = "";
			targets = (
				4C41E1652A0A4DD500A9F930 /* NewsApp */,
			);
		};
/* End PBXProject section */

/* Begin PBXResourcesBuildPhase section */
		4C41E1642A0A4DD500A9F930 /* Resources */ = {
			isa = PBXResourcesBuildPhase;
			buildActionMask = 2147483647;
			files = (
				4C41E1872A0A61F000A9F930 /* NavigationViewController.xib in Resources */,
				4C41E1762A0A4DD700A9F930 /* LaunchScreen.storyboard in Resources */,
				4C41E1732A0A4DD700A9F930 /* Assets.xcassets in Resources */,
				4CFF421F2A0AD0E900518548 /* HomeTableViewCell.xib in Resources */,
				4C41E1832A0A61D100A9F930 /* HomeViewController.xib in Resources */,
				4CFF42272A0AE56600518548 /* DetailsViewController.xib in Resources */,
			);
			runOnlyForDeploymentPostprocessing = 0;
		};
/* End PBXResourcesBuildPhase section */

/* Begin PBXSourcesBuildPhase section */
		4C41E1622A0A4DD500A9F930 /* Sources */ = {
			isa = PBXSourcesBuildPhase;
			buildActionMask = 2147483647;
			files = (
				4CEBC2742A0B864300CAFEFE /* NetworkManager.swift in Sources */,
				4CEBC2792A0B88DD00CAFEFE /* HomeViewModel.swift in Sources */,
				4CFF421E2A0AD0E900518548 /* HomeTableViewCell.swift in Sources */,
				4CFF42222A0AE15000518548 /* UIView+Extension.swift in Sources */,
				4C41E16E2A0A4DD500A9F930 /* ViewController.swift in Sources */,
				4CEBC2772A0B88B400CAFEFE /* NewsModel.swift in Sources */,
				4CFF42262A0AE56600518548 /* DetailsViewController.swift in Sources */,
				4C41E16A2A0A4DD500A9F930 /* AppDelegate.swift in Sources */,
				4C41E16C2A0A4DD500A9F930 /* SceneDelegate.swift in Sources */,
				4CEBC27D2A0B894200CAFEFE /* DetailsModel.swift in Sources */,
				4C41E1862A0A61F000A9F930 /* NavigationViewController.swift in Sources */,
				4C41E1822A0A61D100A9F930 /* HomeViewController.swift in Sources */,
				4CEBC27B2A0B891000CAFEFE /* DetailsViewModel.swift in Sources */,
			);
			runOnlyForDeploymentPostprocessing = 0;
		};
/* End PBXSourcesBuildPhase section */

/* Begin PBXVariantGroup section */
		4C41E1742A0A4DD700A9F930 /* LaunchScreen.storyboard */ = {
			isa = PBXVariantGroup;
			children = (
				4C41E1752A0A4DD700A9F930 /* Base */,
			);
			name = LaunchScreen.storyboard;
			sourceTree = "<group>";
		};
/* End PBXVariantGroup section */

/* Begin XCBuildConfiguration section */
		4C41E1782A0A4DD700A9F930 /* Debug */ = {
			isa = XCBuildConfiguration;
			buildSettings = {
				ALWAYS_SEARCH_USER_PATHS = NO;
				CLANG_ANALYZER_NONNULL = YES;
				CLANG_ANALYZER_NUMBER_OBJECT_CONVERSION = YES_AGGRESSIVE;
				CLANG_CXX_LANGUAGE_STANDARD = "gnu++17";
				CLANG_CXX_LIBRARY = "libc++";
				CLANG_ENABLE_MODULES = YES;
				CLANG_ENABLE_OBJC_ARC = YES;
				CLANG_ENABLE_OBJC_WEAK = YES;
				CLANG_WARN_BLOCK_CAPTURE_AUTORELEASING = YES;
				CLANG_WARN_BOOL_CONVERSION = YES;
				CLANG_WARN_COMMA = YES;
				CLANG_WARN_CONSTANT_CONVERSION = YES;
				CLANG_WARN_DEPRECATED_OBJC_IMPLEMENTATIONS = YES;
				CLANG_WARN_DIRECT_OBJC_ISA_USAGE = YES_ERROR;
				CLANG_WARN_DOCUMENTATION_COMMENTS = YES;
				CLANG_WARN_EMPTY_BODY = YES;
				CLANG_WARN_ENUM_CONVERSION = YES;
				CLANG_WARN_INFINITE_RECURSION = YES;
				CLANG_WARN_INT_CONVERSION = YES;
				CLANG_WARN_NON_LITERAL_NULL_CONVERSION = YES;
				CLANG_WARN_OBJC_IMPLICIT_RETAIN_SELF = YES;
				CLANG_WARN_OBJC_LITERAL_CONVERSION = YES;
				CLANG_WARN_OBJC_ROOT_CLASS = YES_ERROR;
				CLANG_WARN_QUOTED_INCLUDE_IN_FRAMEWORK_HEADER = YES;
				CLANG_WARN_RANGE_LOOP_ANALYSIS = YES;
				CLANG_WARN_STRICT_PROTOTYPES = YES;
				CLANG_WARN_SUSPICIOUS_MOVE = YES;
				CLANG_WARN_UNGUARDED_AVAILABILITY = YES_AGGRESSIVE;
				CLANG_WARN_UNREACHABLE_CODE = YES;
				CLANG_WARN__DUPLICATE_METHOD_MATCH = YES;
				COPY_PHASE_STRIP = NO;
				DEBUG_INFORMATION_FORMAT = dwarf;
				ENABLE_STRICT_OBJC_MSGSEND = YES;
				ENABLE_TESTABILITY = YES;
				GCC_C_LANGUAGE_STANDARD = gnu11;
				GCC_DYNAMIC_NO_PIC = NO;
				GCC_NO_COMMON_BLOCKS = YES;
				GCC_OPTIMIZATION_LEVEL = 0;
				GCC_PREPROCESSOR_DEFINITIONS = (
					"DEBUG=1",
					"$(inherited)",
				);
				GCC_WARN_64_TO_32_BIT_CONVERSION = YES;
				GCC_WARN_ABOUT_RETURN_TYPE = YES_ERROR;
				GCC_WARN_UNDECLARED_SELECTOR = YES;
				GCC_WARN_UNINITIALIZED_AUTOS = YES_AGGRESSIVE;
				GCC_WARN_UNUSED_FUNCTION = YES;
				GCC_WARN_UNUSED_VARIABLE = YES;
				IPHONEOS_DEPLOYMENT_TARGET = 15.0;
				MTL_ENABLE_DEBUG_INFO = INCLUDE_SOURCE;
				MTL_FAST_MATH = YES;
				ONLY_ACTIVE_ARCH = YES;
				SDKROOT = iphoneos;
				SWIFT_ACTIVE_COMPILATION_CONDITIONS = DEBUG;
				SWIFT_OPTIMIZATION_LEVEL = "-Onone";
			};
			name = Debug;
		};
		4C41E1792A0A4DD700A9F930 /* Release */ = {
			isa = XCBuildConfiguration;
			buildSettings = {
				ALWAYS_SEARCH_USER_PATHS = NO;
				CLANG_ANALYZER_NONNULL = YES;
				CLANG_ANALYZER_NUMBER_OBJECT_CONVERSION = YES_AGGRESSIVE;
				CLANG_CXX_LANGUAGE_STANDARD = "gnu++17";
				CLANG_CXX_LIBRARY = "libc++";
				CLANG_ENABLE_MODULES = YES;
				CLANG_ENABLE_OBJC_ARC = YES;
				CLANG_ENABLE_OBJC_WEAK = YES;
				CLANG_WARN_BLOCK_CAPTURE_AUTORELEASING = YES;
				CLANG_WARN_BOOL_CONVERSION = YES;
				CLANG_WARN_COMMA = YES;
				CLANG_WARN_CONSTANT_CONVERSION = YES;
				CLANG_WARN_DEPRECATED_OBJC_IMPLEMENTATIONS = YES;
				CLANG_WARN_DIRECT_OBJC_ISA_USAGE = YES_ERROR;
				CLANG_WARN_DOCUMENTATION_COMMENTS = YES;
				CLANG_WARN_EMPTY_BODY = YES;
				CLANG_WARN_ENUM_CONVERSION = YES;
				CLANG_WARN_INFINITE_RECURSION = YES;
				CLANG_WARN_INT_CONVERSION = YES;
				CLANG_WARN_NON_LITERAL_NULL_CONVERSION = YES;
				CLANG_WARN_OBJC_IMPLICIT_RETAIN_SELF = YES;
				CLANG_WARN_OBJC_LITERAL_CONVERSION = YES;
				CLANG_WARN_OBJC_ROOT_CLASS = YES_ERROR;
				CLANG_WARN_QUOTED_INCLUDE_IN_FRAMEWORK_HEADER = YES;
				CLANG_WARN_RANGE_LOOP_ANALYSIS = YES;
				CLANG_WARN_STRICT_PROTOTYPES = YES;
				CLANG_WARN_SUSPICIOUS_MOVE = YES;
				CLANG_WARN_UNGUARDED_AVAILABILITY = YES_AGGRESSIVE;
				CLANG_WARN_UNREACHABLE_CODE = YES;
				CLANG_WARN__DUPLICATE_METHOD_MATCH = YES;
				COPY_PHASE_STRIP = NO;
				DEBUG_INFORMATION_FORMAT = "dwarf-with-dsym";
				ENABLE_NS_ASSERTIONS = NO;
				ENABLE_STRICT_OBJC_MSGSEND = YES;
				GCC_C_LANGUAGE_STANDARD = gnu11;
				GCC_NO_COMMON_BLOCKS = YES;
				GCC_WARN_64_TO_32_BIT_CONVERSION = YES;
				GCC_WARN_ABOUT_RETURN_TYPE = YES_ERROR;
				GCC_WARN_UNDECLARED_SELECTOR = YES;
				GCC_WARN_UNINITIALIZED_AUTOS = YES_AGGRESSIVE;
				GCC_WARN_UNUSED_FUNCTION = YES;
				GCC_WARN_UNUSED_VARIABLE = YES;
				IPHONEOS_DEPLOYMENT_TARGET = 15.0;
				MTL_ENABLE_DEBUG_INFO = NO;
				MTL_FAST_MATH = YES;
				SDKROOT = iphoneos;
				SWIFT_COMPILATION_MODE = wholemodule;
				SWIFT_OPTIMIZATION_LEVEL = "-O";
				VALIDATE_PRODUCT = YES;
			};
			name = Release;
		};
		4C41E17B2A0A4DD700A9F930 /* Debug */ = {
			isa = XCBuildConfiguration;
			buildSettings = {
				ASSETCATALOG_COMPILER_APPICON_NAME = AppIcon;
				ASSETCATALOG_COMPILER_GLOBAL_ACCENT_COLOR_NAME = AccentColor;
				CODE_SIGN_STYLE = Automatic;
				CURRENT_PROJECT_VERSION = 1;
				DEVELOPMENT_TEAM = V35YDHS93K;
				GENERATE_INFOPLIST_FILE = YES;
				INFOPLIST_FILE = NewsApp/Info.plist;
				INFOPLIST_KEY_UIApplicationSupportsIndirectInputEvents = YES;
				INFOPLIST_KEY_UILaunchStoryboardName = LaunchScreen;
				INFOPLIST_KEY_UISupportedInterfaceOrientations_iPad = "UIInterfaceOrientationPortrait UIInterfaceOrientationPortraitUpsideDown UIInterfaceOrientationLandscapeLeft UIInterfaceOrientationLandscapeRight";
				INFOPLIST_KEY_UISupportedInterfaceOrientations_iPhone = "UIInterfaceOrientationPortrait UIInterfaceOrientationLandscapeLeft UIInterfaceOrientationLandscapeRight";
				IPHONEOS_DEPLOYMENT_TARGET = 15.0;
				LD_RUNPATH_SEARCH_PATHS = (
					"$(inherited)",
					"@executable_path/Frameworks",
				);
				MARKETING_VERSION = 1.0;
				PRODUCT_BUNDLE_IDENTIFIER = com.ma7rous.NewsApp;
				PRODUCT_NAME = "$(TARGET_NAME)";
				SWIFT_EMIT_LOC_STRINGS = YES;
				SWIFT_VERSION = 5.0;
				TARGETED_DEVICE_FAMILY = "1,2";
			};
			name = Debug;
		};
		4C41E17C2A0A4DD700A9F930 /* Release */ = {
			isa = XCBuildConfiguration;
			buildSettings = {
				ASSETCATALOG_COMPILER_APPICON_NAME = AppIcon;
				ASSETCATALOG_COMPILER_GLOBAL_ACCENT_COLOR_NAME = AccentColor;
				CODE_SIGN_STYLE = Automatic;
				CURRENT_PROJECT_VERSION = 1;
				DEVELOPMENT_TEAM = V35YDHS93K;
				GENERATE_INFOPLIST_FILE = YES;
				INFOPLIST_FILE = NewsApp/Info.plist;
				INFOPLIST_KEY_UIApplicationSupportsIndirectInputEvents = YES;
				INFOPLIST_KEY_UILaunchStoryboardName = LaunchScreen;
				INFOPLIST_KEY_UISupportedInterfaceOrientations_iPad = "UIInterfaceOrientationPortrait UIInterfaceOrientationPortraitUpsideDown UIInterfaceOrientationLandscapeLeft UIInterfaceOrientationLandscapeRight";
				INFOPLIST_KEY_UISupportedInterfaceOrientations_iPhone = "UIInterfaceOrientationPortrait UIInterfaceOrientationLandscapeLeft UIInterfaceOrientationLandscapeRight";
				IPHONEOS_DEPLOYMENT_TARGET = 15.0;
				LD_RUNPATH_SEARCH_PATHS = (
					"$(inherited)",
					"@executable_path/Frameworks",
				);
				MARKETING_VERSION = 1.0;
				PRODUCT_BUNDLE_IDENTIFIER = com.ma7rous.NewsApp;
				PRODUCT_NAME = "$(TARGET_NAME)";
				SWIFT_EMIT_LOC_STRINGS = YES;
				SWIFT_VERSION = 5.0;
				TARGETED_DEVICE_FAMILY = "1,2";
			};
			name = Release;
		};
/* End XCBuildConfiguration section */

/* Begin XCConfigurationList section */
		4C41E1612A0A4DD400A9F930 /* Build configuration list for PBXProject "NewsApp" */ = {
			isa = XCConfigurationList;
			buildConfigurations = (
				4C41E1782A0A4DD700A9F930 /* Debug */,
				4C41E1792A0A4DD700A9F930 /* Release */,
			);
			defaultConfigurationIsVisible = 0;
			defaultConfigurationName = Release;
		};
		4C41E17A2A0A4DD700A9F930 /* Build configuration list for PBXNativeTarget "NewsApp" */ = {
			isa = XCConfigurationList;
			buildConfigurations = (
				4C41E17B2A0A4DD700A9F930 /* Debug */,
				4C41E17C2A0A4DD700A9F930 /* Release */,
			);
			defaultConfigurationIsVisible = 0;
			defaultConfigurationName = Release;
		};
/* End XCConfigurationList section */

/* Begin XCRemoteSwiftPackageReference section */
		4C19EC452A0BEA8C0003F29A /* XCRemoteSwiftPackageReference "Moya" */ = {
			isa = XCRemoteSwiftPackageReference;
			repositoryURL = "https://github.com/Moya/Moya.git";
			requirement = {
				kind = upToNextMajorVersion;
				minimumVersion = 15.0.0;
			};
		};
		4C19EC482A0BEAE60003F29A /* XCRemoteSwiftPackageReference "RxSwift" */ = {
			isa = XCRemoteSwiftPackageReference;
			repositoryURL = "https://github.com/ReactiveX/RxSwift";
			requirement = {
				kind = upToNextMajorVersion;
				minimumVersion = 6.5.0;
			};
		};
		4C19EC4F2A0BEB060003F29A /* XCRemoteSwiftPackageReference "SDWebImage" */ = {
			isa = XCRemoteSwiftPackageReference;
			repositoryURL = "https://github.com/SDWebImage/SDWebImage";
			requirement = {
				kind = upToNextMajorVersion;
				minimumVersion = 5.1.0;
			};
		};
		4C19EC522A0BEDBA0003F29A /* XCRemoteSwiftPackageReference "Alamofire" */ = {
			isa = XCRemoteSwiftPackageReference;
			repositoryURL = "https://github.com/Alamofire/Alamofire.git";
			requirement = {
				kind = exactVersion;
				version = 5.6.4;
			};
		};
/* End XCRemoteSwiftPackageReference section */

/* Begin XCSwiftPackageProductDependency section */
		4C19EC462A0BEA8C0003F29A /* Moya */ = {
			isa = XCSwiftPackageProductDependency;
			package = 4C19EC452A0BEA8C0003F29A /* XCRemoteSwiftPackageReference "Moya" */;
			productName = Moya;
		};
		4C19EC492A0BEAE60003F29A /* RxCocoa */ = {
			isa = XCSwiftPackageProductDependency;
			package = 4C19EC482A0BEAE60003F29A /* XCRemoteSwiftPackageReference "RxSwift" */;
			productName = RxCocoa;
		};
		4C19EC4B2A0BEAE60003F29A /* RxRelay */ = {
			isa = XCSwiftPackageProductDependency;
			package = 4C19EC482A0BEAE60003F29A /* XCRemoteSwiftPackageReference "RxSwift" */;
			productName = RxRelay;
		};
		4C19EC4D2A0BEAE60003F29A /* RxSwift */ = {
			isa = XCSwiftPackageProductDependency;
			package = 4C19EC482A0BEAE60003F29A /* XCRemoteSwiftPackageReference "RxSwift" */;
			productName = RxSwift;
		};
		4C19EC502A0BEB060003F29A /* SDWebImage */ = {
			isa = XCSwiftPackageProductDependency;
			package = 4C19EC4F2A0BEB060003F29A /* XCRemoteSwiftPackageReference "SDWebImage" */;
			productName = SDWebImage;
		};
		4C19EC532A0BEDBA0003F29A /* Alamofire */ = {
			isa = XCSwiftPackageProductDependency;
			package = 4C19EC522A0BEDBA0003F29A /* XCRemoteSwiftPackageReference "Alamofire" */;
			productName = Alamofire;
		};
/* End XCSwiftPackageProductDependency section */
	};
	rootObject = 4C41E15E2A0A4DD400A9F930 /* Project object */;
}
